
Microsoft Visual Studio Solution File, Format Version 12.00
# Visual Studio Version 17
VisualStudioVersion = 17.10.35201.131
MinimumVisualStudioVersion = 10.0.40219.1
Project("{FAE04EC0-301F-11D3-BF4B-00C04F79EFBC}") = "NUnitExample", "NUnitExample.csproj", "{75B8947F-DE37-4796-BE36-D05163353375}"
EndProject
Global
	GlobalSection(SolutionConfigurationPlatforms) = preSolution
		Debug|Any CPU = Debug|Any CPU
		Release|Any CPU = Release|Any CPU
	EndGlobalSection
	GlobalSection(ProjectConfigurationPlatforms) = postSolution
		{75B8947F-DE37-4796-BE36-D05163353375}.Debug|Any CPU.ActiveCfg = Debug|Any CPU
		{75B8947F-DE37-4796-BE36-D05163353375}.Debug|Any CPU.Build.0 = Debug|Any CPU
		{75B8947F-DE37-4796-BE36-D05163353375}.Release|Any CPU.ActiveCfg = Release|Any CPU
		{75B8947F-DE37-4796-BE36-D05163353375}.Release|Any CPU.Build.0 = Release|Any CPU
	EndGlobalSection
	GlobalSection(SolutionProperties) = preSolution
		HideSolutionNode = FALSE
	EndGlobalSection
	GlobalSection(ExtensibilityGlobals) = postSolution
		SolutionGuid = {4A98E5A2-BA1B-42DA-9703-14998D21A7B8}
	EndGlobalSection
EndGlobal
