
Microsoft Visual Studio Solution File, Format Version 12.00
# Visual Studio Version 17
VisualStudioVersion = 17.10.35201.131
MinimumVisualStudioVersion = 10.0.40219.1
Project("{59ED7052-C72B-4B52-A7D6-266A8F6281CA}") = "NUnitExample-Attachments", "NUnitExample-Attachments.csproj", "{55E4C661-938B-4F7A-8AAB-8072E584C126}"
EndProject
Global
	GlobalSection(SolutionConfigurationPlatforms) = preSolution
		Debug|Any CPU = Debug|Any CPU
		Release|Any CPU = Release|Any CPU
	EndGlobalSection
	GlobalSection(ProjectConfigurationPlatforms) = postSolution
		{55E4C661-938B-4F7A-8AAB-8072E584C126}.Debug|Any CPU.ActiveCfg = Debug|Any CPU
		{55E4C661-938B-4F7A-8AAB-8072E584C126}.Debug|Any CPU.Build.0 = Debug|Any CPU
		{55E4C661-938B-4F7A-8AAB-8072E584C126}.Release|Any CPU.ActiveCfg = Release|Any CPU
		{55E4C661-938B-4F7A-8AAB-8072E584C126}.Release|Any CPU.Build.0 = Release|Any CPU
	EndGlobalSection
	GlobalSection(SolutionProperties) = preSolution
		HideSolutionNode = FALSE
	EndGlobalSection
	GlobalSection(ExtensibilityGlobals) = postSolution
		SolutionGuid = {6C516F1B-1973-434A-A664-51D507AC6C6D}
	EndGlobalSection
EndGlobal
